
Microsoft Visual Studio Solution File, Format Version 12.00
# Visual Studio Version 16
VisualStudioVersion = 25.0.1703.2
MinimumVisualStudioVersion = 10.0.40219.1
Project("{FAE04EC0-301F-11D3-BF4B-00C04F79EFBC}") = "WebJobly", "WebJobly.csproj", "{B2868B59-07A5-44AD-9B8B-0533A8F275AE}"
EndProject
Project("{FAE04EC0-301F-11D3-BF4B-00C04F79EFBC}") = "Entity", "..\Entity\Entity.csproj", "{0A2D1AA6-C0F0-412A-A668-C8975BE8FB2F}"
EndProject
Project("{FAE04EC0-301F-11D3-BF4B-00C04F79EFBC}") = "DataAccess", "..\DataAccess\DataAccess.csproj", "{AA83156B-E12C-4F47-AEFA-E0E8222542F8}"
EndProject
Global
	GlobalSection(SolutionConfigurationPlatforms) = preSolution
		Debug|Any CPU = Debug|Any CPU
		Release|Any CPU = Release|Any CPU
	EndGlobalSection
	GlobalSection(ProjectConfigurationPlatforms) = postSolution
		{B2868B59-07A5-44AD-9B8B-0533A8F275AE}.Debug|Any CPU.ActiveCfg = Debug|Any CPU
		{B2868B59-07A5-44AD-9B8B-0533A8F275AE}.Debug|Any CPU.Build.0 = Debug|Any CPU
		{B2868B59-07A5-44AD-9B8B-0533A8F275AE}.Release|Any CPU.ActiveCfg = Release|Any CPU
		{B2868B59-07A5-44AD-9B8B-0533A8F275AE}.Release|Any CPU.Build.0 = Release|Any CPU
		{0A2D1AA6-C0F0-412A-A668-C8975BE8FB2F}.Debug|Any CPU.ActiveCfg = Debug|Any CPU
		{0A2D1AA6-C0F0-412A-A668-C8975BE8FB2F}.Debug|Any CPU.Build.0 = Debug|Any CPU
		{0A2D1AA6-C0F0-412A-A668-C8975BE8FB2F}.Release|Any CPU.ActiveCfg = Release|Any CPU
		{0A2D1AA6-C0F0-412A-A668-C8975BE8FB2F}.Release|Any CPU.Build.0 = Release|Any CPU
		{AA83156B-E12C-4F47-AEFA-E0E8222542F8}.Debug|Any CPU.ActiveCfg = Debug|Any CPU
		{AA83156B-E12C-4F47-AEFA-E0E8222542F8}.Debug|Any CPU.Build.0 = Debug|Any CPU
		{AA83156B-E12C-4F47-AEFA-E0E8222542F8}.Release|Any CPU.ActiveCfg = Release|Any CPU
		{AA83156B-E12C-4F47-AEFA-E0E8222542F8}.Release|Any CPU.Build.0 = Release|Any CPU
	EndGlobalSection
	GlobalSection(SolutionProperties) = preSolution
		HideSolutionNode = FALSE
	EndGlobalSection
	GlobalSection(ExtensibilityGlobals) = postSolution
		SolutionGuid = {77E1E43C-E30D-414C-B835-C3E56E45E4A9}
	EndGlobalSection
EndGlobal
